
Microsoft Visual Studio Solution File, Format Version 12.00
# Visual Studio 14
VisualStudioVersion = 14.0.25420.1
MinimumVisualStudioVersion = 10.0.40219.1
Project("{FAE04EC0-301F-11D3-BF4B-00C04F79EFBC}") = "HockeyApp.Portable.Example", "HockeyApp.Portable.Example\HockeyApp.Portable.Example\HockeyApp.Portable.Example.csproj", "{B5E1ABEF-45F1-4670-810F-F265DB0D9C15}"
EndProject
Project("{FAE04EC0-301F-11D3-BF4B-00C04F79EFBC}") = "HockeyApp.Portable.Example.Droid", "HockeyApp.Portable.Example\HockeyApp.Portable.Example.Droid\HockeyApp.Portable.Example.Droid.csproj", "{488CD5A9-5439-42CC-B8B2-283AC94F15ED}"
EndProject
Project("{FAE04EC0-301F-11D3-BF4B-00C04F79EFBC}") = "HockeyApp.Portable.Example.iOS", "HockeyApp.Portable.Example\HockeyApp.Portable.Example.iOS\HockeyApp.Portable.Example.iOS.csproj", "{E03F037D-1BF8-4435-B9FD-354D8AC3E6D4}"
EndProject
Project("{FAE04EC0-301F-11D3-BF4B-00C04F79EFBC}") = "HockeyApp.Portable.Example.WinPhone", "HockeyApp.Portable.Example\HockeyApp.Portable.Example.WinPhone\HockeyApp.Portable.Example.WinPhone.csproj", "{8969A532-8968-4D9B-870E-96E4D0B5B3D7}"
EndProject
Project("{FAE04EC0-301F-11D3-BF4B-00C04F79EFBC}") = "HockeyApp.Portable.Example.UWP", "HockeyApp.Portable.Example\HockeyApp.Portable.Example.UWP\HockeyApp.Portable.Example.UWP.csproj", "{293F8905-81A5-46C0-B672-A602A99E6AC7}"
EndProject
Project("{FAE04EC0-301F-11D3-BF4B-00C04F79EFBC}") = "HockeyApp.Portable.Example.Windows", "HockeyApp.Portable.Example\HockeyApp.Portable.Example.Windows\HockeyApp.Portable.Example.Windows.csproj", "{97BE2891-A617-4468-B1BD-2437B44D0DC4}"
EndProject
Global
	GlobalSection(SolutionConfigurationPlatforms) = preSolution
		Ad-Hoc|Any CPU = Ad-Hoc|Any CPU
		Ad-Hoc|ARM = Ad-Hoc|ARM
		Ad-Hoc|iPhone = Ad-Hoc|iPhone
		Ad-Hoc|iPhoneSimulator = Ad-Hoc|iPhoneSimulator
		Ad-Hoc|x64 = Ad-Hoc|x64
		Ad-Hoc|x86 = Ad-Hoc|x86
		AppStore|Any CPU = AppStore|Any CPU
		AppStore|ARM = AppStore|ARM
		AppStore|iPhone = AppStore|iPhone
		AppStore|iPhoneSimulator = AppStore|iPhoneSimulator
		AppStore|x64 = AppStore|x64
		AppStore|x86 = AppStore|x86
		Debug|Any CPU = Debug|Any CPU
		Debug|ARM = Debug|ARM
		Debug|iPhone = Debug|iPhone
		Debug|iPhoneSimulator = Debug|iPhoneSimulator
		Debug|x64 = Debug|x64
		Debug|x86 = Debug|x86
		Release|Any CPU = Release|Any CPU
		Release|ARM = Release|ARM
		Release|iPhone = Release|iPhone
		Release|iPhoneSimulator = Release|iPhoneSimulator
		Release|x64 = Release|x64
		Release|x86 = Release|x86
	EndGlobalSection
	GlobalSection(ProjectConfigurationPlatforms) = postSolution
		{B5E1ABEF-45F1-4670-810F-F265DB0D9C15}.Ad-Hoc|Any CPU.ActiveCfg = Release|Any CPU
		{B5E1ABEF-45F1-4670-810F-F265DB0D9C15}.Ad-Hoc|Any CPU.Build.0 = Release|Any CPU
		{B5E1ABEF-45F1-4670-810F-F265DB0D9C15}.Ad-Hoc|ARM.ActiveCfg = Release|Any CPU
		{B5E1ABEF-45F1-4670-810F-F265DB0D9C15}.Ad-Hoc|ARM.Build.0 = Release|Any CPU
		{B5E1ABEF-45F1-4670-810F-F265DB0D9C15}.Ad-Hoc|iPhone.ActiveCfg = Release|Any CPU
		{B5E1ABEF-45F1-4670-810F-F265DB0D9C15}.Ad-Hoc|iPhone.Build.0 = Release|Any CPU
		{B5E1ABEF-45F1-4670-810F-F265DB0D9C15}.Ad-Hoc|iPhoneSimulator.ActiveCfg = Release|Any CPU
		{B5E1ABEF-45F1-4670-810F-F265DB0D9C15}.Ad-Hoc|iPhoneSimulator.Build.0 = Release|Any CPU
		{B5E1ABEF-45F1-4670-810F-F265DB0D9C15}.Ad-Hoc|x64.ActiveCfg = Release|Any CPU
		{B5E1ABEF-45F1-4670-810F-F265DB0D9C15}.Ad-Hoc|x64.Build.0 = Release|Any CPU
		{B5E1ABEF-45F1-4670-810F-F265DB0D9C15}.Ad-Hoc|x86.ActiveCfg = Release|Any CPU
		{B5E1ABEF-45F1-4670-810F-F265DB0D9C15}.Ad-Hoc|x86.Build.0 = Release|Any CPU
		{B5E1ABEF-45F1-4670-810F-F265DB0D9C15}.AppStore|Any CPU.ActiveCfg = Release|Any CPU
		{B5E1ABEF-45F1-4670-810F-F265DB0D9C15}.AppStore|Any CPU.Build.0 = Release|Any CPU
		{B5E1ABEF-45F1-4670-810F-F265DB0D9C15}.AppStore|ARM.ActiveCfg = Release|Any CPU
		{B5E1ABEF-45F1-4670-810F-F265DB0D9C15}.AppStore|ARM.Build.0 = Release|Any CPU
		{B5E1ABEF-45F1-4670-810F-F265DB0D9C15}.AppStore|iPhone.ActiveCfg = Release|Any CPU
		{B5E1ABEF-45F1-4670-810F-F265DB0D9C15}.AppStore|iPhone.Build.0 = Release|Any CPU
		{B5E1ABEF-45F1-4670-810F-F265DB0D9C15}.AppStore|iPhoneSimulator.ActiveCfg = Release|Any CPU
		{B5E1ABEF-45F1-4670-810F-F265DB0D9C15}.AppStore|iPhoneSimulator.Build.0 = Release|Any CPU
		{B5E1ABEF-45F1-4670-810F-F265DB0D9C15}.AppStore|x64.ActiveCfg = Release|Any CPU
		{B5E1ABEF-45F1-4670-810F-F265DB0D9C15}.AppStore|x64.Build.0 = Release|Any CPU
		{B5E1ABEF-45F1-4670-810F-F265DB0D9C15}.AppStore|x86.ActiveCfg = Release|Any CPU
		{B5E1ABEF-45F1-4670-810F-F265DB0D9C15}.AppStore|x86.Build.0 = Release|Any CPU
		{B5E1ABEF-45F1-4670-810F-F265DB0D9C15}.Debug|Any CPU.ActiveCfg = Debug|Any CPU
		{B5E1ABEF-45F1-4670-810F-F265DB0D9C15}.Debug|Any CPU.Build.0 = Debug|Any CPU
		{B5E1ABEF-45F1-4670-810F-F265DB0D9C15}.Debug|ARM.ActiveCfg = Debug|Any CPU
		{B5E1ABEF-45F1-4670-810F-F265DB0D9C15}.Debug|ARM.Build.0 = Debug|Any CPU
		{B5E1ABEF-45F1-4670-810F-F265DB0D9C15}.Debug|iPhone.ActiveCfg = Debug|Any CPU
		{B5E1ABEF-45F1-4670-810F-F265DB0D9C15}.Debug|iPhone.Build.0 = Debug|Any CPU
		{B5E1ABEF-45F1-4670-810F-F265DB0D9C15}.Debug|iPhoneSimulator.ActiveCfg = Debug|Any CPU
		{B5E1ABEF-45F1-4670-810F-F265DB0D9C15}.Debug|iPhoneSimulator.Build.0 = Debug|Any CPU
		{B5E1ABEF-45F1-4670-810F-F265DB0D9C15}.Debug|x64.ActiveCfg = Debug|Any CPU
		{B5E1ABEF-45F1-4670-810F-F265DB0D9C15}.Debug|x64.Build.0 = Debug|Any CPU
		{B5E1ABEF-45F1-4670-810F-F265DB0D9C15}.Debug|x86.ActiveCfg = Debug|Any CPU
		{B5E1ABEF-45F1-4670-810F-F265DB0D9C15}.Debug|x86.Build.0 = Debug|Any CPU
		{B5E1ABEF-45F1-4670-810F-F265DB0D9C15}.Release|Any CPU.ActiveCfg = Release|Any CPU
		{B5E1ABEF-45F1-4670-810F-F265DB0D9C15}.Release|Any CPU.Build.0 = Release|Any CPU
		{B5E1ABEF-45F1-4670-810F-F265DB0D9C15}.Release|ARM.ActiveCfg = Release|Any CPU
		{B5E1ABEF-45F1-4670-810F-F265DB0D9C15}.Release|ARM.Build.0 = Release|Any CPU
		{B5E1ABEF-45F1-4670-810F-F265DB0D9C15}.Release|iPhone.ActiveCfg = Release|Any CPU
		{B5E1ABEF-45F1-4670-810F-F265DB0D9C15}.Release|iPhone.Build.0 = Release|Any CPU
		{B5E1ABEF-45F1-4670-810F-F265DB0D9C15}.Release|iPhoneSimulator.ActiveCfg = Release|Any CPU
		{B5E1ABEF-45F1-4670-810F-F265DB0D9C15}.Release|iPhoneSimulator.Build.0 = Release|Any CPU
		{B5E1ABEF-45F1-4670-810F-F265DB0D9C15}.Release|x64.ActiveCfg = Release|Any CPU
		{B5E1ABEF-45F1-4670-810F-F265DB0D9C15}.Release|x64.Build.0 = Release|Any CPU
		{B5E1ABEF-45F1-4670-810F-F265DB0D9C15}.Release|x86.ActiveCfg = Release|Any CPU
		{B5E1ABEF-45F1-4670-810F-F265DB0D9C15}.Release|x86.Build.0 = Release|Any CPU
		{488CD5A9-5439-42CC-B8B2-283AC94F15ED}.Ad-Hoc|Any CPU.ActiveCfg = Release|Any CPU
		{488CD5A9-5439-42CC-B8B2-283AC94F15ED}.Ad-Hoc|Any CPU.Build.0 = Release|Any CPU
		{488CD5A9-5439-42CC-B8B2-283AC94F15ED}.Ad-Hoc|Any CPU.Deploy.0 = Release|Any CPU
		{488CD5A9-5439-42CC-B8B2-283AC94F15ED}.Ad-Hoc|ARM.ActiveCfg = Release|Any CPU
		{488CD5A9-5439-42CC-B8B2-283AC94F15ED}.Ad-Hoc|ARM.Build.0 = Release|Any CPU
		{488CD5A9-5439-42CC-B8B2-283AC94F15ED}.Ad-Hoc|ARM.Deploy.0 = Release|Any CPU
		{488CD5A9-5439-42CC-B8B2-283AC94F15ED}.Ad-Hoc|iPhone.ActiveCfg = Release|Any CPU
		{488CD5A9-5439-42CC-B8B2-283AC94F15ED}.Ad-Hoc|iPhone.Build.0 = Release|Any CPU
		{488CD5A9-5439-42CC-B8B2-283AC94F15ED}.Ad-Hoc|iPhone.Deploy.0 = Release|Any CPU
		{488CD5A9-5439-42CC-B8B2-283AC94F15ED}.Ad-Hoc|iPhoneSimulator.ActiveCfg = Release|Any CPU
		{488CD5A9-5439-42CC-B8B2-283AC94F15ED}.Ad-Hoc|iPhoneSimulator.Build.0 = Release|Any CPU
		{488CD5A9-5439-42CC-B8B2-283AC94F15ED}.Ad-Hoc|iPhoneSimulator.Deploy.0 = Release|Any CPU
		{488CD5A9-5439-42CC-B8B2-283AC94F15ED}.Ad-Hoc|x64.ActiveCfg = Release|Any CPU
		{488CD5A9-5439-42CC-B8B2-283AC94F15ED}.Ad-Hoc|x64.Build.0 = Release|Any CPU
		{488CD5A9-5439-42CC-B8B2-283AC94F15ED}.Ad-Hoc|x64.Deploy.0 = Release|Any CPU
		{488CD5A9-5439-42CC-B8B2-283AC94F15ED}.Ad-Hoc|x86.ActiveCfg = Release|Any CPU
		{488CD5A9-5439-42CC-B8B2-283AC94F15ED}.Ad-Hoc|x86.Build.0 = Release|Any CPU
		{488CD5A9-5439-42CC-B8B2-283AC94F15ED}.Ad-Hoc|x86.Deploy.0 = Release|Any CPU
		{488CD5A9-5439-42CC-B8B2-283AC94F15ED}.AppStore|Any CPU.ActiveCfg = Release|Any CPU
		{488CD5A9-5439-42CC-B8B2-283AC94F15ED}.AppStore|Any CPU.Build.0 = Release|Any CPU
		{488CD5A9-5439-42CC-B8B2-283AC94F15ED}.AppStore|Any CPU.Deploy.0 = Release|Any CPU
		{488CD5A9-5439-42CC-B8B2-283AC94F15ED}.AppStore|ARM.ActiveCfg = Release|Any CPU
		{488CD5A9-5439-42CC-B8B2-283AC94F15ED}.AppStore|ARM.Build.0 = Release|Any CPU
		{488CD5A9-5439-42CC-B8B2-283AC94F15ED}.AppStore|ARM.Deploy.0 = Release|Any CPU
		{488CD5A9-5439-42CC-B8B2-283AC94F15ED}.AppStore|iPhone.ActiveCfg = Release|Any CPU
		{488CD5A9-5439-42CC-B8B2-283AC94F15ED}.AppStore|iPhone.Build.0 = Release|Any CPU
		{488CD5A9-5439-42CC-B8B2-283AC94F15ED}.AppStore|iPhone.Deploy.0 = Release|Any CPU
		{488CD5A9-5439-42CC-B8B2-283AC94F15ED}.AppStore|iPhoneSimulator.ActiveCfg = Release|Any CPU
		{488CD5A9-5439-42CC-B8B2-283AC94F15ED}.AppStore|iPhoneSimulator.Build.0 = Release|Any CPU
		{488CD5A9-5439-42CC-B8B2-283AC94F15ED}.AppStore|iPhoneSimulator.Deploy.0 = Release|Any CPU
		{488CD5A9-5439-42CC-B8B2-283AC94F15ED}.AppStore|x64.ActiveCfg = Release|Any CPU
		{488CD5A9-5439-42CC-B8B2-283AC94F15ED}.AppStore|x64.Build.0 = Release|Any CPU
		{488CD5A9-5439-42CC-B8B2-283AC94F15ED}.AppStore|x64.Deploy.0 = Release|Any CPU
		{488CD5A9-5439-42CC-B8B2-283AC94F15ED}.AppStore|x86.ActiveCfg = Release|Any CPU
		{488CD5A9-5439-42CC-B8B2-283AC94F15ED}.AppStore|x86.Build.0 = Release|Any CPU
		{488CD5A9-5439-42CC-B8B2-283AC94F15ED}.AppStore|x86.Deploy.0 = Release|Any CPU
		{488CD5A9-5439-42CC-B8B2-283AC94F15ED}.Debug|Any CPU.ActiveCfg = Debug|Any CPU
		{488CD5A9-5439-42CC-B8B2-283AC94F15ED}.Debug|Any CPU.Build.0 = Debug|Any CPU
		{488CD5A9-5439-42CC-B8B2-283AC94F15ED}.Debug|Any CPU.Deploy.0 = Debug|Any CPU
		{488CD5A9-5439-42CC-B8B2-283AC94F15ED}.Debug|ARM.ActiveCfg = Debug|Any CPU
		{488CD5A9-5439-42CC-B8B2-283AC94F15ED}.Debug|ARM.Build.0 = Debug|Any CPU
		{488CD5A9-5439-42CC-B8B2-283AC94F15ED}.Debug|ARM.Deploy.0 = Debug|Any CPU
		{488CD5A9-5439-42CC-B8B2-283AC94F15ED}.Debug|iPhone.ActiveCfg = Debug|Any CPU
		{488CD5A9-5439-42CC-B8B2-283AC94F15ED}.Debug|iPhone.Build.0 = Debug|Any CPU
		{488CD5A9-5439-42CC-B8B2-283AC94F15ED}.Debug|iPhone.Deploy.0 = Debug|Any CPU
		{488CD5A9-5439-42CC-B8B2-283AC94F15ED}.Debug|iPhoneSimulator.ActiveCfg = Debug|Any CPU
		{488CD5A9-5439-42CC-B8B2-283AC94F15ED}.Debug|iPhoneSimulator.Build.0 = Debug|Any CPU
		{488CD5A9-5439-42CC-B8B2-283AC94F15ED}.Debug|iPhoneSimulator.Deploy.0 = Debug|Any CPU
		{488CD5A9-5439-42CC-B8B2-283AC94F15ED}.Debug|x64.ActiveCfg = Debug|Any CPU
		{488CD5A9-5439-42CC-B8B2-283AC94F15ED}.Debug|x64.Build.0 = Debug|Any CPU
		{488CD5A9-5439-42CC-B8B2-283AC94F15ED}.Debug|x64.Deploy.0 = Debug|Any CPU
		{488CD5A9-5439-42CC-B8B2-283AC94F15ED}.Debug|x86.ActiveCfg = Debug|Any CPU
		{488CD5A9-5439-42CC-B8B2-283AC94F15ED}.Debug|x86.Build.0 = Debug|Any CPU
		{488CD5A9-5439-42CC-B8B2-283AC94F15ED}.Debug|x86.Deploy.0 = Debug|Any CPU
		{488CD5A9-5439-42CC-B8B2-283AC94F15ED}.Release|Any CPU.ActiveCfg = Release|Any CPU
		{488CD5A9-5439-42CC-B8B2-283AC94F15ED}.Release|Any CPU.Build.0 = Release|Any CPU
		{488CD5A9-5439-42CC-B8B2-283AC94F15ED}.Release|Any CPU.Deploy.0 = Release|Any CPU
		{488CD5A9-5439-42CC-B8B2-283AC94F15ED}.Release|ARM.ActiveCfg = Release|Any CPU
		{488CD5A9-5439-42CC-B8B2-283AC94F15ED}.Release|ARM.Build.0 = Release|Any CPU
		{488CD5A9-5439-42CC-B8B2-283AC94F15ED}.Release|ARM.Deploy.0 = Release|Any CPU
		{488CD5A9-5439-42CC-B8B2-283AC94F15ED}.Release|iPhone.ActiveCfg = Release|Any CPU
		{488CD5A9-5439-42CC-B8B2-283AC94F15ED}.Release|iPhone.Build.0 = Release|Any CPU
		{488CD5A9-5439-42CC-B8B2-283AC94F15ED}.Release|iPhone.Deploy.0 = Release|Any CPU
		{488CD5A9-5439-42CC-B8B2-283AC94F15ED}.Release|iPhoneSimulator.ActiveCfg = Release|Any CPU
		{488CD5A9-5439-42CC-B8B2-283AC94F15ED}.Release|iPhoneSimulator.Build.0 = Release|Any CPU
		{488CD5A9-5439-42CC-B8B2-283AC94F15ED}.Release|iPhoneSimulator.Deploy.0 = Release|Any CPU
		{488CD5A9-5439-42CC-B8B2-283AC94F15ED}.Release|x64.ActiveCfg = Release|Any CPU
		{488CD5A9-5439-42CC-B8B2-283AC94F15ED}.Release|x64.Build.0 = Release|Any CPU
		{488CD5A9-5439-42CC-B8B2-283AC94F15ED}.Release|x64.Deploy.0 = Release|Any CPU
		{488CD5A9-5439-42CC-B8B2-283AC94F15ED}.Release|x86.ActiveCfg = Release|Any CPU
		{488CD5A9-5439-42CC-B8B2-283AC94F15ED}.Release|x86.Build.0 = Release|Any CPU
		{488CD5A9-5439-42CC-B8B2-283AC94F15ED}.Release|x86.Deploy.0 = Release|Any CPU
		{E03F037D-1BF8-4435-B9FD-354D8AC3E6D4}.Ad-Hoc|Any CPU.ActiveCfg = Ad-Hoc|iPhone
		{E03F037D-1BF8-4435-B9FD-354D8AC3E6D4}.Ad-Hoc|ARM.ActiveCfg = Ad-Hoc|iPhone
		{E03F037D-1BF8-4435-B9FD-354D8AC3E6D4}.Ad-Hoc|iPhone.ActiveCfg = Ad-Hoc|iPhone
		{E03F037D-1BF8-4435-B9FD-354D8AC3E6D4}.Ad-Hoc|iPhone.Build.0 = Ad-Hoc|iPhone
		{E03F037D-1BF8-4435-B9FD-354D8AC3E6D4}.Ad-Hoc|iPhoneSimulator.ActiveCfg = Ad-Hoc|iPhoneSimulator
		{E03F037D-1BF8-4435-B9FD-354D8AC3E6D4}.Ad-Hoc|iPhoneSimulator.Build.0 = Ad-Hoc|iPhoneSimulator
		{E03F037D-1BF8-4435-B9FD-354D8AC3E6D4}.Ad-Hoc|x64.ActiveCfg = Ad-Hoc|iPhone
		{E03F037D-1BF8-4435-B9FD-354D8AC3E6D4}.Ad-Hoc|x86.ActiveCfg = Ad-Hoc|iPhone
		{E03F037D-1BF8-4435-B9FD-354D8AC3E6D4}.AppStore|Any CPU.ActiveCfg = AppStore|iPhone
		{E03F037D-1BF8-4435-B9FD-354D8AC3E6D4}.AppStore|ARM.ActiveCfg = AppStore|iPhone
		{E03F037D-1BF8-4435-B9FD-354D8AC3E6D4}.AppStore|iPhone.ActiveCfg = AppStore|iPhone
		{E03F037D-1BF8-4435-B9FD-354D8AC3E6D4}.AppStore|iPhone.Build.0 = AppStore|iPhone
		{E03F037D-1BF8-4435-B9FD-354D8AC3E6D4}.AppStore|iPhoneSimulator.ActiveCfg = AppStore|iPhoneSimulator
		{E03F037D-1BF8-4435-B9FD-354D8AC3E6D4}.AppStore|iPhoneSimulator.Build.0 = AppStore|iPhoneSimulator
		{E03F037D-1BF8-4435-B9FD-354D8AC3E6D4}.AppStore|x64.ActiveCfg = AppStore|iPhone
		{E03F037D-1BF8-4435-B9FD-354D8AC3E6D4}.AppStore|x86.ActiveCfg = AppStore|iPhone
		{E03F037D-1BF8-4435-B9FD-354D8AC3E6D4}.Debug|Any CPU.ActiveCfg = Debug|iPhone
		{E03F037D-1BF8-4435-B9FD-354D8AC3E6D4}.Debug|ARM.ActiveCfg = Debug|iPhone
		{E03F037D-1BF8-4435-B9FD-354D8AC3E6D4}.Debug|iPhone.ActiveCfg = Debug|iPhone
		{E03F037D-1BF8-4435-B9FD-354D8AC3E6D4}.Debug|iPhone.Build.0 = Debug|iPhone
		{E03F037D-1BF8-4435-B9FD-354D8AC3E6D4}.Debug|iPhoneSimulator.ActiveCfg = Debug|iPhoneSimulator
		{E03F037D-1BF8-4435-B9FD-354D8AC3E6D4}.Debug|iPhoneSimulator.Build.0 = Debug|iPhoneSimulator
		{E03F037D-1BF8-4435-B9FD-354D8AC3E6D4}.Debug|x64.ActiveCfg = Debug|iPhone
		{E03F037D-1BF8-4435-B9FD-354D8AC3E6D4}.Debug|x86.ActiveCfg = Debug|iPhone
		{E03F037D-1BF8-4435-B9FD-354D8AC3E6D4}.Release|Any CPU.ActiveCfg = Release|iPhone
		{E03F037D-1BF8-4435-B9FD-354D8AC3E6D4}.Release|ARM.ActiveCfg = Release|iPhone
		{E03F037D-1BF8-4435-B9FD-354D8AC3E6D4}.Release|iPhone.ActiveCfg = Release|iPhone
		{E03F037D-1BF8-4435-B9FD-354D8AC3E6D4}.Release|iPhone.Build.0 = Release|iPhone
		{E03F037D-1BF8-4435-B9FD-354D8AC3E6D4}.Release|iPhoneSimulator.ActiveCfg = Release|iPhoneSimulator
		{E03F037D-1BF8-4435-B9FD-354D8AC3E6D4}.Release|iPhoneSimulator.Build.0 = Release|iPhoneSimulator
		{E03F037D-1BF8-4435-B9FD-354D8AC3E6D4}.Release|x64.ActiveCfg = Release|iPhone
		{E03F037D-1BF8-4435-B9FD-354D8AC3E6D4}.Release|x86.ActiveCfg = Release|iPhone
		{8969A532-8968-4D9B-870E-96E4D0B5B3D7}.Ad-Hoc|Any CPU.ActiveCfg = Release|Any CPU
		{8969A532-8968-4D9B-870E-96E4D0B5B3D7}.Ad-Hoc|Any CPU.Build.0 = Release|Any CPU
		{8969A532-8968-4D9B-870E-96E4D0B5B3D7}.Ad-Hoc|Any CPU.Deploy.0 = Release|Any CPU
		{8969A532-8968-4D9B-870E-96E4D0B5B3D7}.Ad-Hoc|ARM.ActiveCfg = Release|ARM
		{8969A532-8968-4D9B-870E-96E4D0B5B3D7}.Ad-Hoc|ARM.Build.0 = Release|ARM
		{8969A532-8968-4D9B-870E-96E4D0B5B3D7}.Ad-Hoc|ARM.Deploy.0 = Release|ARM
		{8969A532-8968-4D9B-870E-96E4D0B5B3D7}.Ad-Hoc|iPhone.ActiveCfg = Release|Any CPU
		{8969A532-8968-4D9B-870E-96E4D0B5B3D7}.Ad-Hoc|iPhone.Build.0 = Release|Any CPU
		{8969A532-8968-4D9B-870E-96E4D0B5B3D7}.Ad-Hoc|iPhone.Deploy.0 = Release|Any CPU
		{8969A532-8968-4D9B-870E-96E4D0B5B3D7}.Ad-Hoc|iPhoneSimulator.ActiveCfg = Release|Any CPU
		{8969A532-8968-4D9B-870E-96E4D0B5B3D7}.Ad-Hoc|iPhoneSimulator.Build.0 = Release|Any CPU
		{8969A532-8968-4D9B-870E-96E4D0B5B3D7}.Ad-Hoc|iPhoneSimulator.Deploy.0 = Release|Any CPU
		{8969A532-8968-4D9B-870E-96E4D0B5B3D7}.Ad-Hoc|x64.ActiveCfg = Release|Any CPU
		{8969A532-8968-4D9B-870E-96E4D0B5B3D7}.Ad-Hoc|x64.Build.0 = Release|Any CPU
		{8969A532-8968-4D9B-870E-96E4D0B5B3D7}.Ad-Hoc|x64.Deploy.0 = Release|Any CPU
		{8969A532-8968-4D9B-870E-96E4D0B5B3D7}.Ad-Hoc|x86.ActiveCfg = Release|x86
		{8969A532-8968-4D9B-870E-96E4D0B5B3D7}.Ad-Hoc|x86.Build.0 = Release|x86
		{8969A532-8968-4D9B-870E-96E4D0B5B3D7}.Ad-Hoc|x86.Deploy.0 = Release|x86
		{8969A532-8968-4D9B-870E-96E4D0B5B3D7}.AppStore|Any CPU.ActiveCfg = Release|Any CPU
		{8969A532-8968-4D9B-870E-96E4D0B5B3D7}.AppStore|Any CPU.Build.0 = Release|Any CPU
		{8969A532-8968-4D9B-870E-96E4D0B5B3D7}.AppStore|Any CPU.Deploy.0 = Release|Any CPU
		{8969A532-8968-4D9B-870E-96E4D0B5B3D7}.AppStore|ARM.ActiveCfg = Release|ARM
		{8969A532-8968-4D9B-870E-96E4D0B5B3D7}.AppStore|ARM.Build.0 = Release|ARM
		{8969A532-8968-4D9B-870E-96E4D0B5B3D7}.AppStore|ARM.Deploy.0 = Release|ARM
		{8969A532-8968-4D9B-870E-96E4D0B5B3D7}.AppStore|iPhone.ActiveCfg = Release|Any CPU
		{8969A532-8968-4D9B-870E-96E4D0B5B3D7}.AppStore|iPhone.Build.0 = Release|Any CPU
		{8969A532-8968-4D9B-870E-96E4D0B5B3D7}.AppStore|iPhone.Deploy.0 = Release|Any CPU
		{8969A532-8968-4D9B-870E-96E4D0B5B3D7}.AppStore|iPhoneSimulator.ActiveCfg = Release|Any CPU
		{8969A532-8968-4D9B-870E-96E4D0B5B3D7}.AppStore|iPhoneSimulator.Build.0 = Release|Any CPU
		{8969A532-8968-4D9B-870E-96E4D0B5B3D7}.AppStore|iPhoneSimulator.Deploy.0 = Release|Any CPU
		{8969A532-8968-4D9B-870E-96E4D0B5B3D7}.AppStore|x64.ActiveCfg = Release|Any CPU
		{8969A532-8968-4D9B-870E-96E4D0B5B3D7}.AppStore|x64.Build.0 = Release|Any CPU
		{8969A532-8968-4D9B-870E-96E4D0B5B3D7}.AppStore|x64.Deploy.0 = Release|Any CPU
		{8969A532-8968-4D9B-870E-96E4D0B5B3D7}.AppStore|x86.ActiveCfg = Release|x86
		{8969A532-8968-4D9B-870E-96E4D0B5B3D7}.AppStore|x86.Build.0 = Release|x86
		{8969A532-8968-4D9B-870E-96E4D0B5B3D7}.AppStore|x86.Deploy.0 = Release|x86
		{8969A532-8968-4D9B-870E-96E4D0B5B3D7}.Debug|Any CPU.ActiveCfg = Debug|Any CPU
		{8969A532-8968-4D9B-870E-96E4D0B5B3D7}.Debug|Any CPU.Build.0 = Debug|Any CPU
		{8969A532-8968-4D9B-870E-96E4D0B5B3D7}.Debug|Any CPU.Deploy.0 = Debug|Any CPU
		{8969A532-8968-4D9B-870E-96E4D0B5B3D7}.Debug|ARM.ActiveCfg = Debug|ARM
		{8969A532-8968-4D9B-870E-96E4D0B5B3D7}.Debug|ARM.Build.0 = Debug|ARM
		{8969A532-8968-4D9B-870E-96E4D0B5B3D7}.Debug|ARM.Deploy.0 = Debug|ARM
		{8969A532-8968-4D9B-870E-96E4D0B5B3D7}.Debug|iPhone.ActiveCfg = Debug|Any CPU
		{8969A532-8968-4D9B-870E-96E4D0B5B3D7}.Debug|iPhone.Build.0 = Debug|Any CPU
		{8969A532-8968-4D9B-870E-96E4D0B5B3D7}.Debug|iPhone.Deploy.0 = Debug|Any CPU
		{8969A532-8968-4D9B-870E-96E4D0B5B3D7}.Debug|iPhoneSimulator.ActiveCfg = Debug|Any CPU
		{8969A532-8968-4D9B-870E-96E4D0B5B3D7}.Debug|iPhoneSimulator.Build.0 = Debug|Any CPU
		{8969A532-8968-4D9B-870E-96E4D0B5B3D7}.Debug|iPhoneSimulator.Deploy.0 = Debug|Any CPU
		{8969A532-8968-4D9B-870E-96E4D0B5B3D7}.Debug|x64.ActiveCfg = Debug|Any CPU
		{8969A532-8968-4D9B-870E-96E4D0B5B3D7}.Debug|x64.Build.0 = Debug|Any CPU
		{8969A532-8968-4D9B-870E-96E4D0B5B3D7}.Debug|x64.Deploy.0 = Debug|Any CPU
		{8969A532-8968-4D9B-870E-96E4D0B5B3D7}.Debug|x86.ActiveCfg = Debug|x86
		{8969A532-8968-4D9B-870E-96E4D0B5B3D7}.Debug|x86.Build.0 = Debug|x86
		{8969A532-8968-4D9B-870E-96E4D0B5B3D7}.Debug|x86.Deploy.0 = Debug|x86
		{8969A532-8968-4D9B-870E-96E4D0B5B3D7}.Release|Any CPU.ActiveCfg = Release|Any CPU
		{8969A532-8968-4D9B-870E-96E4D0B5B3D7}.Release|Any CPU.Build.0 = Release|Any CPU
		{8969A532-8968-4D9B-870E-96E4D0B5B3D7}.Release|Any CPU.Deploy.0 = Release|Any CPU
		{8969A532-8968-4D9B-870E-96E4D0B5B3D7}.Release|ARM.ActiveCfg = Release|ARM
		{8969A532-8968-4D9B-870E-96E4D0B5B3D7}.Release|ARM.Build.0 = Release|ARM
		{8969A532-8968-4D9B-870E-96E4D0B5B3D7}.Release|ARM.Deploy.0 = Release|ARM
		{8969A532-8968-4D9B-870E-96E4D0B5B3D7}.Release|iPhone.ActiveCfg = Release|Any CPU
		{8969A532-8968-4D9B-870E-96E4D0B5B3D7}.Release|iPhone.Build.0 = Release|Any CPU
		{8969A532-8968-4D9B-870E-96E4D0B5B3D7}.Release|iPhone.Deploy.0 = Release|Any CPU
		{8969A532-8968-4D9B-870E-96E4D0B5B3D7}.Release|iPhoneSimulator.ActiveCfg = Release|Any CPU
		{8969A532-8968-4D9B-870E-96E4D0B5B3D7}.Release|iPhoneSimulator.Build.0 = Release|Any CPU
		{8969A532-8968-4D9B-870E-96E4D0B5B3D7}.Release|iPhoneSimulator.Deploy.0 = Release|Any CPU
		{8969A532-8968-4D9B-870E-96E4D0B5B3D7}.Release|x64.ActiveCfg = Release|Any CPU
		{8969A532-8968-4D9B-870E-96E4D0B5B3D7}.Release|x64.Build.0 = Release|Any CPU
		{8969A532-8968-4D9B-870E-96E4D0B5B3D7}.Release|x64.Deploy.0 = Release|Any CPU
		{8969A532-8968-4D9B-870E-96E4D0B5B3D7}.Release|x86.ActiveCfg = Release|x86
		{8969A532-8968-4D9B-870E-96E4D0B5B3D7}.Release|x86.Build.0 = Release|x86
		{8969A532-8968-4D9B-870E-96E4D0B5B3D7}.Release|x86.Deploy.0 = Release|x86
		{293F8905-81A5-46C0-B672-A602A99E6AC7}.Ad-Hoc|Any CPU.ActiveCfg = Release|x86
		{293F8905-81A5-46C0-B672-A602A99E6AC7}.Ad-Hoc|Any CPU.Build.0 = Release|x86
		{293F8905-81A5-46C0-B672-A602A99E6AC7}.Ad-Hoc|Any CPU.Deploy.0 = Release|x86
		{293F8905-81A5-46C0-B672-A602A99E6AC7}.Ad-Hoc|ARM.ActiveCfg = Release|ARM
		{293F8905-81A5-46C0-B672-A602A99E6AC7}.Ad-Hoc|ARM.Build.0 = Release|ARM
		{293F8905-81A5-46C0-B672-A602A99E6AC7}.Ad-Hoc|ARM.Deploy.0 = Release|ARM
		{293F8905-81A5-46C0-B672-A602A99E6AC7}.Ad-Hoc|iPhone.ActiveCfg = Release|x86
		{293F8905-81A5-46C0-B672-A602A99E6AC7}.Ad-Hoc|iPhone.Build.0 = Release|x86
		{293F8905-81A5-46C0-B672-A602A99E6AC7}.Ad-Hoc|iPhone.Deploy.0 = Release|x86
		{293F8905-81A5-46C0-B672-A602A99E6AC7}.Ad-Hoc|iPhoneSimulator.ActiveCfg = Release|x86
		{293F8905-81A5-46C0-B672-A602A99E6AC7}.Ad-Hoc|iPhoneSimulator.Build.0 = Release|x86
		{293F8905-81A5-46C0-B672-A602A99E6AC7}.Ad-Hoc|iPhoneSimulator.Deploy.0 = Release|x86
		{293F8905-81A5-46C0-B672-A602A99E6AC7}.Ad-Hoc|x64.ActiveCfg = Release|x64
		{293F8905-81A5-46C0-B672-A602A99E6AC7}.Ad-Hoc|x64.Build.0 = Release|x64
		{293F8905-81A5-46C0-B672-A602A99E6AC7}.Ad-Hoc|x64.Deploy.0 = Release|x64
		{293F8905-81A5-46C0-B672-A602A99E6AC7}.Ad-Hoc|x86.ActiveCfg = Release|x86
		{293F8905-81A5-46C0-B672-A602A99E6AC7}.Ad-Hoc|x86.Build.0 = Release|x86
		{293F8905-81A5-46C0-B672-A602A99E6AC7}.Ad-Hoc|x86.Deploy.0 = Release|x86
		{293F8905-81A5-46C0-B672-A602A99E6AC7}.AppStore|Any CPU.ActiveCfg = Release|x86
		{293F8905-81A5-46C0-B672-A602A99E6AC7}.AppStore|Any CPU.Build.0 = Release|x86
		{293F8905-81A5-46C0-B672-A602A99E6AC7}.AppStore|Any CPU.Deploy.0 = Release|x86
		{293F8905-81A5-46C0-B672-A602A99E6AC7}.AppStore|ARM.ActiveCfg = Release|ARM
		{293F8905-81A5-46C0-B672-A602A99E6AC7}.AppStore|ARM.Build.0 = Release|ARM
		{293F8905-81A5-46C0-B672-A602A99E6AC7}.AppStore|ARM.Deploy.0 = Release|ARM
		{293F8905-81A5-46C0-B672-A602A99E6AC7}.AppStore|iPhone.ActiveCfg = Release|x86
		{293F8905-81A5-46C0-B672-A602A99E6AC7}.AppStore|iPhone.Build.0 = Release|x86
		{293F8905-81A5-46C0-B672-A602A99E6AC7}.AppStore|iPhone.Deploy.0 = Release|x86
		{293F8905-81A5-46C0-B672-A602A99E6AC7}.AppStore|iPhoneSimulator.ActiveCfg = Release|x86
		{293F8905-81A5-46C0-B672-A602A99E6AC7}.AppStore|iPhoneSimulator.Build.0 = Release|x86
		{293F8905-81A5-46C0-B672-A602A99E6AC7}.AppStore|iPhoneSimulator.Deploy.0 = Release|x86
		{293F8905-81A5-46C0-B672-A602A99E6AC7}.AppStore|x64.ActiveCfg = Release|x64
		{293F8905-81A5-46C0-B672-A602A99E6AC7}.AppStore|x64.Build.0 = Release|x64
		{293F8905-81A5-46C0-B672-A602A99E6AC7}.AppStore|x64.Deploy.0 = Release|x64
		{293F8905-81A5-46C0-B672-A602A99E6AC7}.AppStore|x86.ActiveCfg = Release|x86
		{293F8905-81A5-46C0-B672-A602A99E6AC7}.AppStore|x86.Build.0 = Release|x86
		{293F8905-81A5-46C0-B672-A602A99E6AC7}.AppStore|x86.Deploy.0 = Release|x86
		{293F8905-81A5-46C0-B672-A602A99E6AC7}.Debug|Any CPU.ActiveCfg = Debug|x86
		{293F8905-81A5-46C0-B672-A602A99E6AC7}.Debug|ARM.ActiveCfg = Debug|ARM
		{293F8905-81A5-46C0-B672-A602A99E6AC7}.Debug|ARM.Build.0 = Debug|ARM
		{293F8905-81A5-46C0-B672-A602A99E6AC7}.Debug|ARM.Deploy.0 = Debug|ARM
		{293F8905-81A5-46C0-B672-A602A99E6AC7}.Debug|iPhone.ActiveCfg = Debug|x86
		{293F8905-81A5-46C0-B672-A602A99E6AC7}.Debug|iPhoneSimulator.ActiveCfg = Debug|x86
		{293F8905-81A5-46C0-B672-A602A99E6AC7}.Debug|x64.ActiveCfg = Debug|x64
		{293F8905-81A5-46C0-B672-A602A99E6AC7}.Debug|x64.Build.0 = Debug|x64
		{293F8905-81A5-46C0-B672-A602A99E6AC7}.Debug|x64.Deploy.0 = Debug|x64
		{293F8905-81A5-46C0-B672-A602A99E6AC7}.Debug|x86.ActiveCfg = Debug|x86
		{293F8905-81A5-46C0-B672-A602A99E6AC7}.Debug|x86.Build.0 = Debug|x86
		{293F8905-81A5-46C0-B672-A602A99E6AC7}.Debug|x86.Deploy.0 = Debug|x86
		{293F8905-81A5-46C0-B672-A602A99E6AC7}.Release|Any CPU.ActiveCfg = Release|x86
		{293F8905-81A5-46C0-B672-A602A99E6AC7}.Release|ARM.ActiveCfg = Release|ARM
		{293F8905-81A5-46C0-B672-A602A99E6AC7}.Release|ARM.Build.0 = Release|ARM
		{293F8905-81A5-46C0-B672-A602A99E6AC7}.Release|ARM.Deploy.0 = Release|ARM
		{293F8905-81A5-46C0-B672-A602A99E6AC7}.Release|iPhone.ActiveCfg = Release|x86
		{293F8905-81A5-46C0-B672-A602A99E6AC7}.Release|iPhoneSimulator.ActiveCfg = Release|x86
		{293F8905-81A5-46C0-B672-A602A99E6AC7}.Release|x64.ActiveCfg = Release|x64
		{293F8905-81A5-46C0-B672-A602A99E6AC7}.Release|x64.Build.0 = Release|x64
		{293F8905-81A5-46C0-B672-A602A99E6AC7}.Release|x64.Deploy.0 = Release|x64
		{293F8905-81A5-46C0-B672-A602A99E6AC7}.Release|x86.ActiveCfg = Release|x86
		{293F8905-81A5-46C0-B672-A602A99E6AC7}.Release|x86.Build.0 = Release|x86
		{293F8905-81A5-46C0-B672-A602A99E6AC7}.Release|x86.Deploy.0 = Release|x86
		{97BE2891-A617-4468-B1BD-2437B44D0DC4}.Ad-Hoc|Any CPU.ActiveCfg = Release|Any CPU
		{97BE2891-A617-4468-B1BD-2437B44D0DC4}.Ad-Hoc|Any CPU.Build.0 = Release|Any CPU
		{97BE2891-A617-4468-B1BD-2437B44D0DC4}.Ad-Hoc|Any CPU.Deploy.0 = Release|Any CPU
		{97BE2891-A617-4468-B1BD-2437B44D0DC4}.Ad-Hoc|ARM.ActiveCfg = Release|ARM
		{97BE2891-A617-4468-B1BD-2437B44D0DC4}.Ad-Hoc|ARM.Build.0 = Release|ARM
		{97BE2891-A617-4468-B1BD-2437B44D0DC4}.Ad-Hoc|ARM.Deploy.0 = Release|ARM
		{97BE2891-A617-4468-B1BD-2437B44D0DC4}.Ad-Hoc|iPhone.ActiveCfg = Release|Any CPU
		{97BE2891-A617-4468-B1BD-2437B44D0DC4}.Ad-Hoc|iPhone.Build.0 = Release|Any CPU
		{97BE2891-A617-4468-B1BD-2437B44D0DC4}.Ad-Hoc|iPhone.Deploy.0 = Release|Any CPU
		{97BE2891-A617-4468-B1BD-2437B44D0DC4}.Ad-Hoc|iPhoneSimulator.ActiveCfg = Release|Any CPU
		{97BE2891-A617-4468-B1BD-2437B44D0DC4}.Ad-Hoc|iPhoneSimulator.Build.0 = Release|Any CPU
		{97BE2891-A617-4468-B1BD-2437B44D0DC4}.Ad-Hoc|iPhoneSimulator.Deploy.0 = Release|Any CPU
		{97BE2891-A617-4468-B1BD-2437B44D0DC4}.Ad-Hoc|x64.ActiveCfg = Release|x64
		{97BE2891-A617-4468-B1BD-2437B44D0DC4}.Ad-Hoc|x64.Build.0 = Release|x64
		{97BE2891-A617-4468-B1BD-2437B44D0DC4}.Ad-Hoc|x64.Deploy.0 = Release|x64
		{97BE2891-A617-4468-B1BD-2437B44D0DC4}.Ad-Hoc|x86.ActiveCfg = Release|x86
		{97BE2891-A617-4468-B1BD-2437B44D0DC4}.Ad-Hoc|x86.Build.0 = Release|x86
		{97BE2891-A617-4468-B1BD-2437B44D0DC4}.Ad-Hoc|x86.Deploy.0 = Release|x86
		{97BE2891-A617-4468-B1BD-2437B44D0DC4}.AppStore|Any CPU.ActiveCfg = Release|Any CPU
		{97BE2891-A617-4468-B1BD-2437B44D0DC4}.AppStore|Any CPU.Build.0 = Release|Any CPU
		{97BE2891-A617-4468-B1BD-2437B44D0DC4}.AppStore|Any CPU.Deploy.0 = Release|Any CPU
		{97BE2891-A617-4468-B1BD-2437B44D0DC4}.AppStore|ARM.ActiveCfg = Release|ARM
		{97BE2891-A617-4468-B1BD-2437B44D0DC4}.AppStore|ARM.Build.0 = Release|ARM
		{97BE2891-A617-4468-B1BD-2437B44D0DC4}.AppStore|ARM.Deploy.0 = Release|ARM
		{97BE2891-A617-4468-B1BD-2437B44D0DC4}.AppStore|iPhone.ActiveCfg = Release|Any CPU
		{97BE2891-A617-4468-B1BD-2437B44D0DC4}.AppStore|iPhone.Build.0 = Release|Any CPU
		{97BE2891-A617-4468-B1BD-2437B44D0DC4}.AppStore|iPhone.Deploy.0 = Release|Any CPU
		{97BE2891-A617-4468-B1BD-2437B44D0DC4}.AppStore|iPhoneSimulator.ActiveCfg = Release|Any CPU
		{97BE2891-A617-4468-B1BD-2437B44D0DC4}.AppStore|iPhoneSimulator.Build.0 = Release|Any CPU
		{97BE2891-A617-4468-B1BD-2437B44D0DC4}.AppStore|iPhoneSimulator.Deploy.0 = Release|Any CPU
		{97BE2891-A617-4468-B1BD-2437B44D0DC4}.AppStore|x64.ActiveCfg = Release|x64
		{97BE2891-A617-4468-B1BD-2437B44D0DC4}.AppStore|x64.Build.0 = Release|x64
		{97BE2891-A617-4468-B1BD-2437B44D0DC4}.AppStore|x64.Deploy.0 = Release|x64
		{97BE2891-A617-4468-B1BD-2437B44D0DC4}.AppStore|x86.ActiveCfg = Release|x86
		{97BE2891-A617-4468-B1BD-2437B44D0DC4}.AppStore|x86.Build.0 = Release|x86
		{97BE2891-A617-4468-B1BD-2437B44D0DC4}.AppStore|x86.Deploy.0 = Release|x86
		{97BE2891-A617-4468-B1BD-2437B44D0DC4}.Debug|Any CPU.ActiveCfg = Debug|Any CPU
		{97BE2891-A617-4468-B1BD-2437B44D0DC4}.Debug|Any CPU.Build.0 = Debug|Any CPU
		{97BE2891-A617-4468-B1BD-2437B44D0DC4}.Debug|Any CPU.Deploy.0 = Debug|Any CPU
		{97BE2891-A617-4468-B1BD-2437B44D0DC4}.Debug|ARM.ActiveCfg = Debug|ARM
		{97BE2891-A617-4468-B1BD-2437B44D0DC4}.Debug|ARM.Build.0 = Debug|ARM
		{97BE2891-A617-4468-B1BD-2437B44D0DC4}.Debug|ARM.Deploy.0 = Debug|ARM
		{97BE2891-A617-4468-B1BD-2437B44D0DC4}.Debug|iPhone.ActiveCfg = Debug|Any CPU
		{97BE2891-A617-4468-B1BD-2437B44D0DC4}.Debug|iPhone.Build.0 = Debug|Any CPU
		{97BE2891-A617-4468-B1BD-2437B44D0DC4}.Debug|iPhone.Deploy.0 = Debug|Any CPU
		{97BE2891-A617-4468-B1BD-2437B44D0DC4}.Debug|iPhoneSimulator.ActiveCfg = Debug|Any CPU
		{97BE2891-A617-4468-B1BD-2437B44D0DC4}.Debug|iPhoneSimulator.Build.0 = Debug|Any CPU
		{97BE2891-A617-4468-B1BD-2437B44D0DC4}.Debug|iPhoneSimulator.Deploy.0 = Debug|Any CPU
		{97BE2891-A617-4468-B1BD-2437B44D0DC4}.Debug|x64.ActiveCfg = Debug|x64
		{97BE2891-A617-4468-B1BD-2437B44D0DC4}.Debug|x64.Build.0 = Debug|x64
		{97BE2891-A617-4468-B1BD-2437B44D0DC4}.Debug|x64.Deploy.0 = Debug|x64
		{97BE2891-A617-4468-B1BD-2437B44D0DC4}.Debug|x86.ActiveCfg = Debug|x86
		{97BE2891-A617-4468-B1BD-2437B44D0DC4}.Debug|x86.Build.0 = Debug|x86
		{97BE2891-A617-4468-B1BD-2437B44D0DC4}.Debug|x86.Deploy.0 = Debug|x86
		{97BE2891-A617-4468-B1BD-2437B44D0DC4}.Release|Any CPU.ActiveCfg = Release|Any CPU
		{97BE2891-A617-4468-B1BD-2437B44D0DC4}.Release|Any CPU.Build.0 = Release|Any CPU
		{97BE2891-A617-4468-B1BD-2437B44D0DC4}.Release|Any CPU.Deploy.0 = Release|Any CPU
		{97BE2891-A617-4468-B1BD-2437B44D0DC4}.Release|ARM.ActiveCfg = Release|ARM
		{97BE2891-A617-4468-B1BD-2437B44D0DC4}.Release|ARM.Build.0 = Release|ARM
		{97BE2891-A617-4468-B1BD-2437B44D0DC4}.Release|ARM.Deploy.0 = Release|ARM
		{97BE2891-A617-4468-B1BD-2437B44D0DC4}.Release|iPhone.ActiveCfg = Release|Any CPU
		{97BE2891-A617-4468-B1BD-2437B44D0DC4}.Release|iPhone.Build.0 = Release|Any CPU
		{97BE2891-A617-4468-B1BD-2437B44D0DC4}.Release|iPhone.Deploy.0 = Release|Any CPU
		{97BE2891-A617-4468-B1BD-2437B44D0DC4}.Release|iPhoneSimulator.ActiveCfg = Release|Any CPU
		{97BE2891-A617-4468-B1BD-2437B44D0DC4}.Release|iPhoneSimulator.Build.0 = Release|Any CPU
		{97BE2891-A617-4468-B1BD-2437B44D0DC4}.Release|iPhoneSimulator.Deploy.0 = Release|Any CPU
		{97BE2891-A617-4468-B1BD-2437B44D0DC4}.Release|x64.ActiveCfg = Release|x64
		{97BE2891-A617-4468-B1BD-2437B44D0DC4}.Release|x64.Build.0 = Release|x64
		{97BE2891-A617-4468-B1BD-2437B44D0DC4}.Release|x64.Deploy.0 = Release|x64
		{97BE2891-A617-4468-B1BD-2437B44D0DC4}.Release|x86.ActiveCfg = Release|x86
		{97BE2891-A617-4468-B1BD-2437B44D0DC4}.Release|x86.Build.0 = Release|x86
		{97BE2891-A617-4468-B1BD-2437B44D0DC4}.Release|x86.Deploy.0 = Release|x86
	EndGlobalSection
	GlobalSection(SolutionProperties) = preSolution
		HideSolutionNode = FALSE
	EndGlobalSection
EndGlobal
